
Microsoft Visual Studio Solution File, Format Version 12.00
# Visual Studio 15
VisualStudioVersion = 15.0.27703.2000
MinimumVisualStudioVersion = 10.0.40219.1
Project("{FAE04EC0-301F-11D3-BF4B-00C04F79EFBC}") = "ResultantTest", "ResultantTest\ResultantTest.csproj", "{AB763E5E-BDBB-4869-9AFC-462E11C973BB}"
EndProject
Global
	GlobalSection(SolutionConfigurationPlatforms) = preSolution
		Debug|Any CPU = Debug|Any CPU
		Release|Any CPU = Release|Any CPU
	EndGlobalSection
	GlobalSection(ProjectConfigurationPlatforms) = postSolution
		{AB763E5E-BDBB-4869-9AFC-462E11C973BB}.Debug|Any CPU.ActiveCfg = Debug|Any CPU
		{AB763E5E-BDBB-4869-9AFC-462E11C973BB}.Debug|Any CPU.Build.0 = Debug|Any CPU
		{AB763E5E-BDBB-4869-9AFC-462E11C973BB}.Release|Any CPU.ActiveCfg = Release|Any CPU
		{AB763E5E-BDBB-4869-9AFC-462E11C973BB}.Release|Any CPU.Build.0 = Release|Any CPU
	EndGlobalSection
	GlobalSection(SolutionProperties) = preSolution
		HideSolutionNode = FALSE
	EndGlobalSection
	GlobalSection(ExtensibilityGlobals) = postSolution
		SolutionGuid = {86221E89-FC8C-49C7-86C5-9042A2103464}
	EndGlobalSection
EndGlobal
